{
  "name": "html-form-events",
  "version": "0.0.0",
  "lockfileVersion": 3,
  "requires": true,
  "packages": {
    "": {
      "name": "html-form-events",
      "version": "0.0.0",
      "license": "ISC",
      "dependencies": {
        "html-form": "^0.12.0",
        "html-form-test-suite": "^0.0.1"
      }
    },
    "node_modules/html-form": {
      "version": "0.12.0",
      "resolved": "https://registry.npmjs.org/html-form/-/html-form-0.12.0.tgz",
      "integrity": "sha512-P5XEHnG77iBG79Jy77RMgHhn8mQE1uKf4UtQXdhlnYjMjzr2ou7sN3IPDIPk3Rx7yFP+zlDoxXt8w3mV3/OvpQ==",
      "license": "MIT",
      "dependencies": {
        "html-form-test-suite": "^0.0.1"
      }
    },
    "node_modules/html-form-test-suite": {
      "version": "0.0.1",
      "resolved": "https://registry.npmjs.org/html-form-test-suite/-/html-form-test-suite-0.0.1.tgz",
      "integrity": "sha512-OPwWlSzGjKzCcUmTrYhR4nNeRhNraOgCZ/uI5SslmAqjXp0OY7aqXLOEoQanTc7kJnpe1ATzQabpp/uP7QtoiA==",
      "license": "ISC"
    }
  }
}
