{
  "name": "html-form-events",
  "version": "0.0.0",
  "lockfileVersion": 3,
  "requires": true,
  "packages": {
    "": {
      "name": "html-form-events",
      "version": "0.0.0",
      "license": "ISC",
      "devDependencies": {
        "html-form": "^0.12.1",
        "html-form-test-suite": "^0.1.0"
      }
    },
    "node_modules/html-form": {
      "version": "0.12.1",
      "resolved": "https://registry.npmjs.org/html-form/-/html-form-0.12.1.tgz",
      "integrity": "sha512-/7k8fO5Pjoo69kMgJqOl0PwpjhfUDbIXEQzMY2HyVLsEAok7d8ylvOBiF3Hpl0jq6wgHyiHZZUcMPCFRZLIDsQ==",
      "dev": true,
      "license": "MIT",
      "dependencies": {
        "html-form-test-suite": "^0.1.0"
      }
    },
    "node_modules/html-form-test-suite": {
      "version": "0.1.0",
      "resolved": "https://registry.npmjs.org/html-form-test-suite/-/html-form-test-suite-0.1.0.tgz",
      "integrity": "sha512-YTrktYGrlXB35NQBQgf83cFQOjLiqA4hvvPehZpLbsSYKDvqsWnGKfM9rNCcxNo69/ZzcEoHRKxvUmZMUOwkTA==",
      "dev": true,
      "license": "ISC"
    }
  }
}
